{
    "name": "test",
    "version": "0.3.0",
    "lockfileVersion": 3,
    "requires": true,
    "packages": {
        "": {
            "name": "test",
            "version": "0.3.0",
            "dependencies": {
                "node-altjtalk-binding": "https://github.com/femshima/node-altjtalk-binding/releases/download/v0.1.2/node.tar.gz"
            }
        },
        "node_modules/node-altjtalk-binding": {
            "version": "0.1.2",
            "resolved": "https://github.com/femshima/node-altjtalk-binding/releases/download/v0.1.2/node.tar.gz",
            "integrity": "sha512-1SkrowZKsE0u7JSrZZaa4OTAlbU1WQ/GIyL4H9KNt3VhMUkh2PehdYK4jmQQDYvDBSuII8V7ReE9itALVanFwA==",
            "hasInstallScript": true,
            "license": "MIT",
            "engines": {
                "node": ">= 18"
            }
        }
    }
}
